
Microsoft Visual Studio Solution File, Format Version 12.00
# Visual Studio Version 17
VisualStudioVersion = 17.13.35825.156
MinimumVisualStudioVersion = 10.0.40219.1
Project("{FAE04EC0-301F-11D3-BF4B-00C04F79EFBC}") = "Gestionare_produse_magazin", "Gestionare_produse_magazin\Gestionare_produse_magazin.csproj", "{5BAE31C9-6AA7-43D9-A7CF-1340BFFFCC6B}"
EndProject
Global
	GlobalSection(SolutionConfigurationPlatforms) = preSolution
		Debug|Any CPU = Debug|Any CPU
		Release|Any CPU = Release|Any CPU
	EndGlobalSection
	GlobalSection(ProjectConfigurationPlatforms) = postSolution
		{5BAE31C9-6AA7-43D9-A7CF-1340BFFFCC6B}.Debug|Any CPU.ActiveCfg = Debug|Any CPU
		{5BAE31C9-6AA7-43D9-A7CF-1340BFFFCC6B}.Debug|Any CPU.Build.0 = Debug|Any CPU
		{5BAE31C9-6AA7-43D9-A7CF-1340BFFFCC6B}.Release|Any CPU.ActiveCfg = Release|Any CPU
		{5BAE31C9-6AA7-43D9-A7CF-1340BFFFCC6B}.Release|Any CPU.Build.0 = Release|Any CPU
	EndGlobalSection
	GlobalSection(SolutionProperties) = preSolution
		HideSolutionNode = FALSE
	EndGlobalSection
	GlobalSection(ExtensibilityGlobals) = postSolution
		SolutionGuid = {8A2FBDA1-FB82-420A-A955-829E1EA280D7}
	EndGlobalSection
EndGlobal
